
Microsoft Visual Studio Solution File, Format Version 12.00
# Visual Studio Version 17
VisualStudioVersion = 17.13.35931.197 d17.13
MinimumVisualStudioVersion = 10.0.40219.1
Project("{FAE04EC0-301F-11D3-BF4B-00C04F79EFBC}") = "primeros_pasos_C#", "primeros_pasos_C#\primeros_pasos_C#.csproj", "{3BFB79A8-4739-40A2-B7A6-33D390EB4D41}"
EndProject
Global
	GlobalSection(SolutionConfigurationPlatforms) = preSolution
		Debug|Any CPU = Debug|Any CPU
		Release|Any CPU = Release|Any CPU
	EndGlobalSection
	GlobalSection(ProjectConfigurationPlatforms) = postSolution
		{3BFB79A8-4739-40A2-B7A6-33D390EB4D41}.Debug|Any CPU.ActiveCfg = Debug|Any CPU
		{3BFB79A8-4739-40A2-B7A6-33D390EB4D41}.Debug|Any CPU.Build.0 = Debug|Any CPU
		{3BFB79A8-4739-40A2-B7A6-33D390EB4D41}.Release|Any CPU.ActiveCfg = Release|Any CPU
		{3BFB79A8-4739-40A2-B7A6-33D390EB4D41}.Release|Any CPU.Build.0 = Release|Any CPU
	EndGlobalSection
	GlobalSection(SolutionProperties) = preSolution
		HideSolutionNode = FALSE
	EndGlobalSection
	GlobalSection(ExtensibilityGlobals) = postSolution
		SolutionGuid = {C0318B0E-A92C-4ACB-9FD6-A9B138F71507}
	EndGlobalSection
EndGlobal
